
Microsoft Visual Studio Solution File, Format Version 12.00
# Visual Studio Version 17
VisualStudioVersion = 17.8.34330.188
MinimumVisualStudioVersion = 10.0.40219.1
Project("{8BC9CEB8-8B4A-11D0-8D11-00A0C91BC942}") = "Sandbox", "Sandbox\Sandbox.vcxproj", "{FDEAC20A-E3BF-4103-8630-EEB505D855D8}"
EndProject
Project("{8BC9CEB8-8B4A-11D0-8D11-00A0C91BC942}") = "Blue", "Blue\Blue.vcxproj", "{FE49CD0D-2005-42E3-BF73-8325DF3D0073}"
EndProject
Global
	GlobalSection(SolutionConfigurationPlatforms) = preSolution
		Debug|x64 = Debug|x64
		Release|x64 = Release|x64
	EndGlobalSection
	GlobalSection(ProjectConfigurationPlatforms) = postSolution
		{FE49CD0D-2005-42E3-BF73-8325DF3D0073}.Debug|x64.ActiveCfg = Debug|x64
		{FE49CD0D-2005-42E3-BF73-8325DF3D0073}.Debug|x64.Build.0 = Debug|x64
		{FE49CD0D-2005-42E3-BF73-8325DF3D0073}.Release|x64.ActiveCfg = Release|x64
		{FE49CD0D-2005-42E3-BF73-8325DF3D0073}.Release|x64.Build.0 = Release|x64
		{FDEAC20A-E3BF-4103-8630-EEB505D855D8}.Debug|x64.ActiveCfg = Debug|x64
		{FDEAC20A-E3BF-4103-8630-EEB505D855D8}.Debug|x64.Build.0 = Debug|x64
		{FDEAC20A-E3BF-4103-8630-EEB505D855D8}.Release|x64.ActiveCfg = Release|x64
		{FDEAC20A-E3BF-4103-8630-EEB505D855D8}.Release|x64.Build.0 = Release|x64
	EndGlobalSection
	GlobalSection(SolutionProperties) = preSolution
		HideSolutionNode = FALSE
	EndGlobalSection
	GlobalSection(ExtensibilityGlobals) = postSolution
		SolutionGuid = {AB1D461C-465E-42AD-936B-0C105E144A6A}
	EndGlobalSection
EndGlobal
